{
  "name": "eyewear-designer",
  "version": "0.1.0",
  "lockfileVersion": 1,
  "dependencies": {
    "vue-slider-component": {
      "version": "2.3.1",
      "resolved": "https://registry.npmjs.org/vue-slider-component/-/vue-slider-component-2.3.1.tgz",
      "integrity": "sha1-PA5/5V4MtlARK6B95r+1mgzH48Y="
    }
  }
}
